
Microsoft Visual Studio Solution File, Format Version 12.00
# Visual Studio 2013
VisualStudioVersion = 12.0.21005.1
MinimumVisualStudioVersion = 10.0.40219.1
Project("{FAE04EC0-301F-11D3-BF4B-00C04F79EFBC}") = "KursnaListaPhoneApp", "KursnaListaPhoneApp\KursnaListaPhoneApp.csproj", "{32F1F3ED-3FC4-436B-A4EB-FD9843388682}"
EndProject
Project("{2150E333-8FDC-42A3-9474-1A3956D46DE8}") = "Client", "Client", "{320D957F-99A7-469A-A8B0-0637E226A645}"
EndProject
Project("{2150E333-8FDC-42A3-9474-1A3956D46DE8}") = "Shared", "Shared", "{3836B68D-D122-45D9-8ACC-291FCA80614B}"
EndProject
Project("{FAE04EC0-301F-11D3-BF4B-00C04F79EFBC}") = "MSC.Phone.Shared", "MSC.Phone.Shared\MSC.Phone.Shared.csproj", "{05CE307F-F924-4270-A7DC-B849B835DD47}"
EndProject
Project("{FAE04EC0-301F-11D3-BF4B-00C04F79EFBC}") = "KursnaLista.Phone.Contracts", "KursnaLista.Phone.Contracts\KursnaLista.Phone.Contracts.csproj", "{F670C3AF-29A9-4164-A678-4CE628A5BA5D}"
EndProject
Project("{FAE04EC0-301F-11D3-BF4B-00C04F79EFBC}") = "KursnaLista.Phone.Services", "KursnaLista.Phone.Services\KursnaLista.Phone.Services.csproj", "{15862F1F-8397-4A4E-BC00-36CFDB20C634}"
EndProject
Project("{FAE04EC0-301F-11D3-BF4B-00C04F79EFBC}") = "KursnaLista.Phone.Repositories", "KursnaLista.Phone.Repositories\KursnaLista.Phone.Repositories.csproj", "{2506381A-FEA0-4BF0-B1B4-24F6108809C7}"
EndProject
Project("{FAE04EC0-301F-11D3-BF4B-00C04F79EFBC}") = "MSC.Phone.Shared.DI", "MSC.Phone.Shared.DI\MSC.Phone.Shared.DI.csproj", "{0E9A1853-6A58-45A5-8FD2-01866CF10059}"
EndProject
Project("{FAE04EC0-301F-11D3-BF4B-00C04F79EFBC}") = "KursnaLista.Phone.ViewModels", "KursnaLista.Phone.ViewModels\KursnaLista.Phone.ViewModels.csproj", "{996DD507-3598-4FDE-9089-8AAEFF6364E1}"
EndProject
Global
	GlobalSection(SolutionConfigurationPlatforms) = preSolution
		Debug|Any CPU = Debug|Any CPU
		Debug|ARM = Debug|ARM
		Debug|x86 = Debug|x86
		Release|Any CPU = Release|Any CPU
		Release|ARM = Release|ARM
		Release|x86 = Release|x86
	EndGlobalSection
	GlobalSection(ProjectConfigurationPlatforms) = postSolution
		{32F1F3ED-3FC4-436B-A4EB-FD9843388682}.Debug|Any CPU.ActiveCfg = Debug|Any CPU
		{32F1F3ED-3FC4-436B-A4EB-FD9843388682}.Debug|Any CPU.Build.0 = Debug|Any CPU
		{32F1F3ED-3FC4-436B-A4EB-FD9843388682}.Debug|Any CPU.Deploy.0 = Debug|Any CPU
		{32F1F3ED-3FC4-436B-A4EB-FD9843388682}.Debug|ARM.ActiveCfg = Debug|ARM
		{32F1F3ED-3FC4-436B-A4EB-FD9843388682}.Debug|ARM.Build.0 = Debug|ARM
		{32F1F3ED-3FC4-436B-A4EB-FD9843388682}.Debug|ARM.Deploy.0 = Debug|ARM
		{32F1F3ED-3FC4-436B-A4EB-FD9843388682}.Debug|x86.ActiveCfg = Debug|x86
		{32F1F3ED-3FC4-436B-A4EB-FD9843388682}.Debug|x86.Build.0 = Debug|x86
		{32F1F3ED-3FC4-436B-A4EB-FD9843388682}.Debug|x86.Deploy.0 = Debug|x86
		{32F1F3ED-3FC4-436B-A4EB-FD9843388682}.Release|Any CPU.ActiveCfg = Release|Any CPU
		{32F1F3ED-3FC4-436B-A4EB-FD9843388682}.Release|Any CPU.Build.0 = Release|Any CPU
		{32F1F3ED-3FC4-436B-A4EB-FD9843388682}.Release|Any CPU.Deploy.0 = Release|Any CPU
		{32F1F3ED-3FC4-436B-A4EB-FD9843388682}.Release|ARM.ActiveCfg = Release|ARM
		{32F1F3ED-3FC4-436B-A4EB-FD9843388682}.Release|ARM.Build.0 = Release|ARM
		{32F1F3ED-3FC4-436B-A4EB-FD9843388682}.Release|ARM.Deploy.0 = Release|ARM
		{32F1F3ED-3FC4-436B-A4EB-FD9843388682}.Release|x86.ActiveCfg = Release|x86
		{32F1F3ED-3FC4-436B-A4EB-FD9843388682}.Release|x86.Build.0 = Release|x86
		{32F1F3ED-3FC4-436B-A4EB-FD9843388682}.Release|x86.Deploy.0 = Release|x86
		{05CE307F-F924-4270-A7DC-B849B835DD47}.Debug|Any CPU.ActiveCfg = Debug|Any CPU
		{05CE307F-F924-4270-A7DC-B849B835DD47}.Debug|Any CPU.Build.0 = Debug|Any CPU
		{05CE307F-F924-4270-A7DC-B849B835DD47}.Debug|ARM.ActiveCfg = Debug|ARM
		{05CE307F-F924-4270-A7DC-B849B835DD47}.Debug|ARM.Build.0 = Debug|ARM
		{05CE307F-F924-4270-A7DC-B849B835DD47}.Debug|x86.ActiveCfg = Debug|x86
		{05CE307F-F924-4270-A7DC-B849B835DD47}.Debug|x86.Build.0 = Debug|x86
		{05CE307F-F924-4270-A7DC-B849B835DD47}.Release|Any CPU.ActiveCfg = Release|Any CPU
		{05CE307F-F924-4270-A7DC-B849B835DD47}.Release|Any CPU.Build.0 = Release|Any CPU
		{05CE307F-F924-4270-A7DC-B849B835DD47}.Release|ARM.ActiveCfg = Release|ARM
		{05CE307F-F924-4270-A7DC-B849B835DD47}.Release|ARM.Build.0 = Release|ARM
		{05CE307F-F924-4270-A7DC-B849B835DD47}.Release|x86.ActiveCfg = Release|x86
		{05CE307F-F924-4270-A7DC-B849B835DD47}.Release|x86.Build.0 = Release|x86
		{F670C3AF-29A9-4164-A678-4CE628A5BA5D}.Debug|Any CPU.ActiveCfg = Debug|Any CPU
		{F670C3AF-29A9-4164-A678-4CE628A5BA5D}.Debug|Any CPU.Build.0 = Debug|Any CPU
		{F670C3AF-29A9-4164-A678-4CE628A5BA5D}.Debug|ARM.ActiveCfg = Debug|ARM
		{F670C3AF-29A9-4164-A678-4CE628A5BA5D}.Debug|ARM.Build.0 = Debug|ARM
		{F670C3AF-29A9-4164-A678-4CE628A5BA5D}.Debug|x86.ActiveCfg = Debug|x86
		{F670C3AF-29A9-4164-A678-4CE628A5BA5D}.Debug|x86.Build.0 = Debug|x86
		{F670C3AF-29A9-4164-A678-4CE628A5BA5D}.Release|Any CPU.ActiveCfg = Release|Any CPU
		{F670C3AF-29A9-4164-A678-4CE628A5BA5D}.Release|Any CPU.Build.0 = Release|Any CPU
		{F670C3AF-29A9-4164-A678-4CE628A5BA5D}.Release|ARM.ActiveCfg = Release|ARM
		{F670C3AF-29A9-4164-A678-4CE628A5BA5D}.Release|ARM.Build.0 = Release|ARM
		{F670C3AF-29A9-4164-A678-4CE628A5BA5D}.Release|x86.ActiveCfg = Release|x86
		{F670C3AF-29A9-4164-A678-4CE628A5BA5D}.Release|x86.Build.0 = Release|x86
		{15862F1F-8397-4A4E-BC00-36CFDB20C634}.Debug|Any CPU.ActiveCfg = Debug|Any CPU
		{15862F1F-8397-4A4E-BC00-36CFDB20C634}.Debug|Any CPU.Build.0 = Debug|Any CPU
		{15862F1F-8397-4A4E-BC00-36CFDB20C634}.Debug|ARM.ActiveCfg = Debug|ARM
		{15862F1F-8397-4A4E-BC00-36CFDB20C634}.Debug|ARM.Build.0 = Debug|ARM
		{15862F1F-8397-4A4E-BC00-36CFDB20C634}.Debug|x86.ActiveCfg = Debug|x86
		{15862F1F-8397-4A4E-BC00-36CFDB20C634}.Debug|x86.Build.0 = Debug|x86
		{15862F1F-8397-4A4E-BC00-36CFDB20C634}.Release|Any CPU.ActiveCfg = Release|Any CPU
		{15862F1F-8397-4A4E-BC00-36CFDB20C634}.Release|Any CPU.Build.0 = Release|Any CPU
		{15862F1F-8397-4A4E-BC00-36CFDB20C634}.Release|ARM.ActiveCfg = Release|ARM
		{15862F1F-8397-4A4E-BC00-36CFDB20C634}.Release|ARM.Build.0 = Release|ARM
		{15862F1F-8397-4A4E-BC00-36CFDB20C634}.Release|x86.ActiveCfg = Release|x86
		{15862F1F-8397-4A4E-BC00-36CFDB20C634}.Release|x86.Build.0 = Release|x86
		{2506381A-FEA0-4BF0-B1B4-24F6108809C7}.Debug|Any CPU.ActiveCfg = Debug|Any CPU
		{2506381A-FEA0-4BF0-B1B4-24F6108809C7}.Debug|Any CPU.Build.0 = Debug|Any CPU
		{2506381A-FEA0-4BF0-B1B4-24F6108809C7}.Debug|ARM.ActiveCfg = Debug|ARM
		{2506381A-FEA0-4BF0-B1B4-24F6108809C7}.Debug|ARM.Build.0 = Debug|ARM
		{2506381A-FEA0-4BF0-B1B4-24F6108809C7}.Debug|x86.ActiveCfg = Debug|x86
		{2506381A-FEA0-4BF0-B1B4-24F6108809C7}.Debug|x86.Build.0 = Debug|x86
		{2506381A-FEA0-4BF0-B1B4-24F6108809C7}.Release|Any CPU.ActiveCfg = Release|Any CPU
		{2506381A-FEA0-4BF0-B1B4-24F6108809C7}.Release|Any CPU.Build.0 = Release|Any CPU
		{2506381A-FEA0-4BF0-B1B4-24F6108809C7}.Release|ARM.ActiveCfg = Release|ARM
		{2506381A-FEA0-4BF0-B1B4-24F6108809C7}.Release|ARM.Build.0 = Release|ARM
		{2506381A-FEA0-4BF0-B1B4-24F6108809C7}.Release|x86.ActiveCfg = Release|x86
		{2506381A-FEA0-4BF0-B1B4-24F6108809C7}.Release|x86.Build.0 = Release|x86
		{0E9A1853-6A58-45A5-8FD2-01866CF10059}.Debug|Any CPU.ActiveCfg = Debug|Any CPU
		{0E9A1853-6A58-45A5-8FD2-01866CF10059}.Debug|Any CPU.Build.0 = Debug|Any CPU
		{0E9A1853-6A58-45A5-8FD2-01866CF10059}.Debug|ARM.ActiveCfg = Debug|ARM
		{0E9A1853-6A58-45A5-8FD2-01866CF10059}.Debug|ARM.Build.0 = Debug|ARM
		{0E9A1853-6A58-45A5-8FD2-01866CF10059}.Debug|x86.ActiveCfg = Debug|x86
		{0E9A1853-6A58-45A5-8FD2-01866CF10059}.Debug|x86.Build.0 = Debug|x86
		{0E9A1853-6A58-45A5-8FD2-01866CF10059}.Release|Any CPU.ActiveCfg = Release|Any CPU
		{0E9A1853-6A58-45A5-8FD2-01866CF10059}.Release|Any CPU.Build.0 = Release|Any CPU
		{0E9A1853-6A58-45A5-8FD2-01866CF10059}.Release|ARM.ActiveCfg = Release|ARM
		{0E9A1853-6A58-45A5-8FD2-01866CF10059}.Release|ARM.Build.0 = Release|ARM
		{0E9A1853-6A58-45A5-8FD2-01866CF10059}.Release|x86.ActiveCfg = Release|x86
		{0E9A1853-6A58-45A5-8FD2-01866CF10059}.Release|x86.Build.0 = Release|x86
		{996DD507-3598-4FDE-9089-8AAEFF6364E1}.Debug|Any CPU.ActiveCfg = Debug|Any CPU
		{996DD507-3598-4FDE-9089-8AAEFF6364E1}.Debug|Any CPU.Build.0 = Debug|Any CPU
		{996DD507-3598-4FDE-9089-8AAEFF6364E1}.Debug|ARM.ActiveCfg = Debug|ARM
		{996DD507-3598-4FDE-9089-8AAEFF6364E1}.Debug|ARM.Build.0 = Debug|ARM
		{996DD507-3598-4FDE-9089-8AAEFF6364E1}.Debug|x86.ActiveCfg = Debug|x86
		{996DD507-3598-4FDE-9089-8AAEFF6364E1}.Debug|x86.Build.0 = Debug|x86
		{996DD507-3598-4FDE-9089-8AAEFF6364E1}.Release|Any CPU.ActiveCfg = Release|Any CPU
		{996DD507-3598-4FDE-9089-8AAEFF6364E1}.Release|Any CPU.Build.0 = Release|Any CPU
		{996DD507-3598-4FDE-9089-8AAEFF6364E1}.Release|ARM.ActiveCfg = Release|ARM
		{996DD507-3598-4FDE-9089-8AAEFF6364E1}.Release|ARM.Build.0 = Release|ARM
		{996DD507-3598-4FDE-9089-8AAEFF6364E1}.Release|x86.ActiveCfg = Release|x86
		{996DD507-3598-4FDE-9089-8AAEFF6364E1}.Release|x86.Build.0 = Release|x86
	EndGlobalSection
	GlobalSection(SolutionProperties) = preSolution
		HideSolutionNode = FALSE
	EndGlobalSection
	GlobalSection(NestedProjects) = preSolution
		{32F1F3ED-3FC4-436B-A4EB-FD9843388682} = {320D957F-99A7-469A-A8B0-0637E226A645}
		{F670C3AF-29A9-4164-A678-4CE628A5BA5D} = {320D957F-99A7-469A-A8B0-0637E226A645}
		{15862F1F-8397-4A4E-BC00-36CFDB20C634} = {320D957F-99A7-469A-A8B0-0637E226A645}
		{2506381A-FEA0-4BF0-B1B4-24F6108809C7} = {320D957F-99A7-469A-A8B0-0637E226A645}
		{996DD507-3598-4FDE-9089-8AAEFF6364E1} = {320D957F-99A7-469A-A8B0-0637E226A645}
		{05CE307F-F924-4270-A7DC-B849B835DD47} = {3836B68D-D122-45D9-8ACC-291FCA80614B}
		{0E9A1853-6A58-45A5-8FD2-01866CF10059} = {3836B68D-D122-45D9-8ACC-291FCA80614B}
	EndGlobalSection
EndGlobal
