
Microsoft Visual Studio Solution File, Format Version 12.00
# Visual Studio 2013
VisualStudioVersion = 12.0.30723.0
MinimumVisualStudioVersion = 10.0.40219.1
Project("{2150E333-8FDC-42A3-9474-1A3956D46DE8}") = "Client", "Client", "{C46B80DC-B524-4897-9503-09DF7103BE1E}"
EndProject
Project("{FAE04EC0-301F-11D3-BF4B-00C04F79EFBC}") = "KursnaLista.Phone.Contracts", "KursnaLista.Mobile.Contracts\KursnaLista.Phone.Contracts.csproj", "{9DDDD410-E852-4A32-BFF2-352669BF41B6}"
EndProject
Project("{FAE04EC0-301F-11D3-BF4B-00C04F79EFBC}") = "KursnaLista.Phone.Services", "KursnaLista.Mobile.Services\KursnaLista.Phone.Services.csproj", "{435345F9-4D2E-4070-852D-2F21F494AC4C}"
EndProject
Project("{FAE04EC0-301F-11D3-BF4B-00C04F79EFBC}") = "KursnaLista.Phone.Repositories", "KursnaLista.Phone.Repositories\KursnaLista.Phone.Repositories.csproj", "{7258D155-2E01-4BFC-BBEB-CF9D4C203A1A}"
EndProject
Project("{FAE04EC0-301F-11D3-BF4B-00C04F79EFBC}") = "KursnaLista.Phone.Contracts.UI", "KursnaLista.Phone.Contracts.UI\KursnaLista.Phone.Contracts.UI.csproj", "{479F0FAB-59D5-4AA4-A2FB-3FC3172695F4}"
EndProject
Project("{FAE04EC0-301F-11D3-BF4B-00C04F79EFBC}") = "KursnaLista.Phone.ViewModels", "KursnaLista.Phone.ViewModels\KursnaLista.Phone.ViewModels.csproj", "{FEA41716-3D6D-446D-8AEA-9A7A7D08BE74}"
EndProject
Project("{FAE04EC0-301F-11D3-BF4B-00C04F79EFBC}") = "KursnaLista.Mobile.Android", "Android\KursnaLista.Mobile.Android.csproj", "{545FAF7D-CBBE-4AE7-A20F-09D0B03D90CB}"
EndProject
Project("{FAE04EC0-301F-11D3-BF4B-00C04F79EFBC}") = "KursnaLista.Mobile", "KursnaLista.Mobile\KursnaLista.Mobile.csproj", "{AB952830-F9E6-4BAE-8DDD-A53C53C4F5D7}"
EndProject
Project("{2150E333-8FDC-42A3-9474-1A3956D46DE8}") = "Shared", "Shared", "{7F8ABDB2-5FAC-492A-86D3-72219EEC05B2}"
EndProject
Project("{FAE04EC0-301F-11D3-BF4B-00C04F79EFBC}") = "MSC.Phone.Shared", "MSC.Mobile.Shared\MSC.Phone.Shared.csproj", "{F46F56B0-2F24-489F-92C9-59A2E430E793}"
EndProject
Project("{FAE04EC0-301F-11D3-BF4B-00C04F79EFBC}") = "MSC.Phone.Shared.UI", "MSC.Phone.Shared.UI\MSC.Phone.Shared.UI.csproj", "{22360442-97A2-487A-895A-17D38A5B2CD8}"
EndProject
Project("{FAE04EC0-301F-11D3-BF4B-00C04F79EFBC}") = "MSC.Phone.Shared.DI", "MSC.Phone.Shared.DI\MSC.Phone.Shared.DI.csproj", "{A896A0E2-E44F-4E2B-91A7-4B2F38F15867}"
EndProject
Project("{2150E333-8FDC-42A3-9474-1A3956D46DE8}") = "Android", "Android", "{5FC22974-4531-42BE-9721-F3DE3C0C0D97}"
EndProject
Project("{FAE04EC0-301F-11D3-BF4B-00C04F79EFBC}") = "MSC.Android.Shared", "MSC.Android.Shared\MSC.Android.Shared.csproj", "{E892294A-0668-41BE-9AD3-B3080AEDB670}"
EndProject
Project("{FAE04EC0-301F-11D3-BF4B-00C04F79EFBC}") = "KursnaLista.Mobile.WinPhone", "WinPhone\KursnaLista.Mobile.WinPhone.csproj", "{B6172D23-5600-44A9-AA10-884EF86AB041}"
EndProject
Project("{2150E333-8FDC-42A3-9474-1A3956D46DE8}") = ".nuget", ".nuget", "{B3478868-E408-403B-B9CE-93957BDD171B}"
	ProjectSection(SolutionItems) = preProject
		.nuget\NuGet.Config = .nuget\NuGet.Config
		.nuget\NuGet.exe = .nuget\NuGet.exe
		.nuget\NuGet.targets = .nuget\NuGet.targets
	EndProjectSection
EndProject
Global
	GlobalSection(SolutionConfigurationPlatforms) = preSolution
		Debug|Any CPU = Debug|Any CPU
		Debug|ARM = Debug|ARM
		Debug|x86 = Debug|x86
		Release|Any CPU = Release|Any CPU
		Release|ARM = Release|ARM
		Release|x86 = Release|x86
	EndGlobalSection
	GlobalSection(ProjectConfigurationPlatforms) = postSolution
		{9DDDD410-E852-4A32-BFF2-352669BF41B6}.Debug|Any CPU.ActiveCfg = Debug|Any CPU
		{9DDDD410-E852-4A32-BFF2-352669BF41B6}.Debug|Any CPU.Build.0 = Debug|Any CPU
		{9DDDD410-E852-4A32-BFF2-352669BF41B6}.Debug|ARM.ActiveCfg = Debug|Any CPU
		{9DDDD410-E852-4A32-BFF2-352669BF41B6}.Debug|x86.ActiveCfg = Debug|Any CPU
		{9DDDD410-E852-4A32-BFF2-352669BF41B6}.Release|Any CPU.ActiveCfg = Release|Any CPU
		{9DDDD410-E852-4A32-BFF2-352669BF41B6}.Release|Any CPU.Build.0 = Release|Any CPU
		{9DDDD410-E852-4A32-BFF2-352669BF41B6}.Release|ARM.ActiveCfg = Release|Any CPU
		{9DDDD410-E852-4A32-BFF2-352669BF41B6}.Release|x86.ActiveCfg = Release|Any CPU
		{435345F9-4D2E-4070-852D-2F21F494AC4C}.Debug|Any CPU.ActiveCfg = Debug|Any CPU
		{435345F9-4D2E-4070-852D-2F21F494AC4C}.Debug|Any CPU.Build.0 = Debug|Any CPU
		{435345F9-4D2E-4070-852D-2F21F494AC4C}.Debug|ARM.ActiveCfg = Debug|Any CPU
		{435345F9-4D2E-4070-852D-2F21F494AC4C}.Debug|x86.ActiveCfg = Debug|Any CPU
		{435345F9-4D2E-4070-852D-2F21F494AC4C}.Release|Any CPU.ActiveCfg = Release|Any CPU
		{435345F9-4D2E-4070-852D-2F21F494AC4C}.Release|Any CPU.Build.0 = Release|Any CPU
		{435345F9-4D2E-4070-852D-2F21F494AC4C}.Release|ARM.ActiveCfg = Release|Any CPU
		{435345F9-4D2E-4070-852D-2F21F494AC4C}.Release|x86.ActiveCfg = Release|Any CPU
		{7258D155-2E01-4BFC-BBEB-CF9D4C203A1A}.Debug|Any CPU.ActiveCfg = Debug|Any CPU
		{7258D155-2E01-4BFC-BBEB-CF9D4C203A1A}.Debug|Any CPU.Build.0 = Debug|Any CPU
		{7258D155-2E01-4BFC-BBEB-CF9D4C203A1A}.Debug|ARM.ActiveCfg = Debug|Any CPU
		{7258D155-2E01-4BFC-BBEB-CF9D4C203A1A}.Debug|x86.ActiveCfg = Debug|Any CPU
		{7258D155-2E01-4BFC-BBEB-CF9D4C203A1A}.Release|Any CPU.ActiveCfg = Release|Any CPU
		{7258D155-2E01-4BFC-BBEB-CF9D4C203A1A}.Release|Any CPU.Build.0 = Release|Any CPU
		{7258D155-2E01-4BFC-BBEB-CF9D4C203A1A}.Release|ARM.ActiveCfg = Release|Any CPU
		{7258D155-2E01-4BFC-BBEB-CF9D4C203A1A}.Release|x86.ActiveCfg = Release|Any CPU
		{479F0FAB-59D5-4AA4-A2FB-3FC3172695F4}.Debug|Any CPU.ActiveCfg = Debug|Any CPU
		{479F0FAB-59D5-4AA4-A2FB-3FC3172695F4}.Debug|Any CPU.Build.0 = Debug|Any CPU
		{479F0FAB-59D5-4AA4-A2FB-3FC3172695F4}.Debug|ARM.ActiveCfg = Debug|Any CPU
		{479F0FAB-59D5-4AA4-A2FB-3FC3172695F4}.Debug|x86.ActiveCfg = Debug|Any CPU
		{479F0FAB-59D5-4AA4-A2FB-3FC3172695F4}.Release|Any CPU.ActiveCfg = Release|Any CPU
		{479F0FAB-59D5-4AA4-A2FB-3FC3172695F4}.Release|Any CPU.Build.0 = Release|Any CPU
		{479F0FAB-59D5-4AA4-A2FB-3FC3172695F4}.Release|ARM.ActiveCfg = Release|Any CPU
		{479F0FAB-59D5-4AA4-A2FB-3FC3172695F4}.Release|x86.ActiveCfg = Release|Any CPU
		{FEA41716-3D6D-446D-8AEA-9A7A7D08BE74}.Debug|Any CPU.ActiveCfg = Debug|Any CPU
		{FEA41716-3D6D-446D-8AEA-9A7A7D08BE74}.Debug|Any CPU.Build.0 = Debug|Any CPU
		{FEA41716-3D6D-446D-8AEA-9A7A7D08BE74}.Debug|ARM.ActiveCfg = Debug|Any CPU
		{FEA41716-3D6D-446D-8AEA-9A7A7D08BE74}.Debug|x86.ActiveCfg = Debug|Any CPU
		{FEA41716-3D6D-446D-8AEA-9A7A7D08BE74}.Release|Any CPU.ActiveCfg = Release|Any CPU
		{FEA41716-3D6D-446D-8AEA-9A7A7D08BE74}.Release|Any CPU.Build.0 = Release|Any CPU
		{FEA41716-3D6D-446D-8AEA-9A7A7D08BE74}.Release|ARM.ActiveCfg = Release|Any CPU
		{FEA41716-3D6D-446D-8AEA-9A7A7D08BE74}.Release|x86.ActiveCfg = Release|Any CPU
		{545FAF7D-CBBE-4AE7-A20F-09D0B03D90CB}.Debug|Any CPU.ActiveCfg = Debug|Any CPU
		{545FAF7D-CBBE-4AE7-A20F-09D0B03D90CB}.Debug|Any CPU.Build.0 = Debug|Any CPU
		{545FAF7D-CBBE-4AE7-A20F-09D0B03D90CB}.Debug|Any CPU.Deploy.0 = Debug|Any CPU
		{545FAF7D-CBBE-4AE7-A20F-09D0B03D90CB}.Debug|ARM.ActiveCfg = Debug|Any CPU
		{545FAF7D-CBBE-4AE7-A20F-09D0B03D90CB}.Debug|x86.ActiveCfg = Debug|Any CPU
		{545FAF7D-CBBE-4AE7-A20F-09D0B03D90CB}.Release|Any CPU.ActiveCfg = Release|Any CPU
		{545FAF7D-CBBE-4AE7-A20F-09D0B03D90CB}.Release|Any CPU.Build.0 = Release|Any CPU
		{545FAF7D-CBBE-4AE7-A20F-09D0B03D90CB}.Release|Any CPU.Deploy.0 = Release|Any CPU
		{545FAF7D-CBBE-4AE7-A20F-09D0B03D90CB}.Release|ARM.ActiveCfg = Release|Any CPU
		{545FAF7D-CBBE-4AE7-A20F-09D0B03D90CB}.Release|x86.ActiveCfg = Release|Any CPU
		{AB952830-F9E6-4BAE-8DDD-A53C53C4F5D7}.Debug|Any CPU.ActiveCfg = Debug|Any CPU
		{AB952830-F9E6-4BAE-8DDD-A53C53C4F5D7}.Debug|Any CPU.Build.0 = Debug|Any CPU
		{AB952830-F9E6-4BAE-8DDD-A53C53C4F5D7}.Debug|ARM.ActiveCfg = Debug|Any CPU
		{AB952830-F9E6-4BAE-8DDD-A53C53C4F5D7}.Debug|x86.ActiveCfg = Debug|Any CPU
		{AB952830-F9E6-4BAE-8DDD-A53C53C4F5D7}.Release|Any CPU.ActiveCfg = Release|Any CPU
		{AB952830-F9E6-4BAE-8DDD-A53C53C4F5D7}.Release|Any CPU.Build.0 = Release|Any CPU
		{AB952830-F9E6-4BAE-8DDD-A53C53C4F5D7}.Release|ARM.ActiveCfg = Release|Any CPU
		{AB952830-F9E6-4BAE-8DDD-A53C53C4F5D7}.Release|x86.ActiveCfg = Release|Any CPU
		{F46F56B0-2F24-489F-92C9-59A2E430E793}.Debug|Any CPU.ActiveCfg = Debug|Any CPU
		{F46F56B0-2F24-489F-92C9-59A2E430E793}.Debug|Any CPU.Build.0 = Debug|Any CPU
		{F46F56B0-2F24-489F-92C9-59A2E430E793}.Debug|ARM.ActiveCfg = Debug|Any CPU
		{F46F56B0-2F24-489F-92C9-59A2E430E793}.Debug|x86.ActiveCfg = Debug|Any CPU
		{F46F56B0-2F24-489F-92C9-59A2E430E793}.Release|Any CPU.ActiveCfg = Release|Any CPU
		{F46F56B0-2F24-489F-92C9-59A2E430E793}.Release|Any CPU.Build.0 = Release|Any CPU
		{F46F56B0-2F24-489F-92C9-59A2E430E793}.Release|ARM.ActiveCfg = Release|Any CPU
		{F46F56B0-2F24-489F-92C9-59A2E430E793}.Release|x86.ActiveCfg = Release|Any CPU
		{22360442-97A2-487A-895A-17D38A5B2CD8}.Debug|Any CPU.ActiveCfg = Debug|Any CPU
		{22360442-97A2-487A-895A-17D38A5B2CD8}.Debug|Any CPU.Build.0 = Debug|Any CPU
		{22360442-97A2-487A-895A-17D38A5B2CD8}.Debug|ARM.ActiveCfg = Debug|Any CPU
		{22360442-97A2-487A-895A-17D38A5B2CD8}.Debug|x86.ActiveCfg = Debug|Any CPU
		{22360442-97A2-487A-895A-17D38A5B2CD8}.Release|Any CPU.ActiveCfg = Release|Any CPU
		{22360442-97A2-487A-895A-17D38A5B2CD8}.Release|Any CPU.Build.0 = Release|Any CPU
		{22360442-97A2-487A-895A-17D38A5B2CD8}.Release|ARM.ActiveCfg = Release|Any CPU
		{22360442-97A2-487A-895A-17D38A5B2CD8}.Release|x86.ActiveCfg = Release|Any CPU
		{A896A0E2-E44F-4E2B-91A7-4B2F38F15867}.Debug|Any CPU.ActiveCfg = Debug|Any CPU
		{A896A0E2-E44F-4E2B-91A7-4B2F38F15867}.Debug|Any CPU.Build.0 = Debug|Any CPU
		{A896A0E2-E44F-4E2B-91A7-4B2F38F15867}.Debug|ARM.ActiveCfg = Debug|Any CPU
		{A896A0E2-E44F-4E2B-91A7-4B2F38F15867}.Debug|x86.ActiveCfg = Debug|Any CPU
		{A896A0E2-E44F-4E2B-91A7-4B2F38F15867}.Release|Any CPU.ActiveCfg = Release|Any CPU
		{A896A0E2-E44F-4E2B-91A7-4B2F38F15867}.Release|Any CPU.Build.0 = Release|Any CPU
		{A896A0E2-E44F-4E2B-91A7-4B2F38F15867}.Release|ARM.ActiveCfg = Release|Any CPU
		{A896A0E2-E44F-4E2B-91A7-4B2F38F15867}.Release|x86.ActiveCfg = Release|Any CPU
		{E892294A-0668-41BE-9AD3-B3080AEDB670}.Debug|Any CPU.ActiveCfg = Debug|Any CPU
		{E892294A-0668-41BE-9AD3-B3080AEDB670}.Debug|Any CPU.Build.0 = Debug|Any CPU
		{E892294A-0668-41BE-9AD3-B3080AEDB670}.Debug|ARM.ActiveCfg = Debug|Any CPU
		{E892294A-0668-41BE-9AD3-B3080AEDB670}.Debug|x86.ActiveCfg = Debug|Any CPU
		{E892294A-0668-41BE-9AD3-B3080AEDB670}.Release|Any CPU.ActiveCfg = Release|Any CPU
		{E892294A-0668-41BE-9AD3-B3080AEDB670}.Release|Any CPU.Build.0 = Release|Any CPU
		{E892294A-0668-41BE-9AD3-B3080AEDB670}.Release|ARM.ActiveCfg = Release|Any CPU
		{E892294A-0668-41BE-9AD3-B3080AEDB670}.Release|x86.ActiveCfg = Release|Any CPU
		{B6172D23-5600-44A9-AA10-884EF86AB041}.Debug|Any CPU.ActiveCfg = Debug|Any CPU
		{B6172D23-5600-44A9-AA10-884EF86AB041}.Debug|Any CPU.Build.0 = Debug|Any CPU
		{B6172D23-5600-44A9-AA10-884EF86AB041}.Debug|Any CPU.Deploy.0 = Debug|Any CPU
		{B6172D23-5600-44A9-AA10-884EF86AB041}.Debug|ARM.ActiveCfg = Debug|ARM
		{B6172D23-5600-44A9-AA10-884EF86AB041}.Debug|ARM.Build.0 = Debug|ARM
		{B6172D23-5600-44A9-AA10-884EF86AB041}.Debug|ARM.Deploy.0 = Debug|ARM
		{B6172D23-5600-44A9-AA10-884EF86AB041}.Debug|x86.ActiveCfg = Debug|x86
		{B6172D23-5600-44A9-AA10-884EF86AB041}.Debug|x86.Build.0 = Debug|x86
		{B6172D23-5600-44A9-AA10-884EF86AB041}.Debug|x86.Deploy.0 = Debug|x86
		{B6172D23-5600-44A9-AA10-884EF86AB041}.Release|Any CPU.ActiveCfg = Release|Any CPU
		{B6172D23-5600-44A9-AA10-884EF86AB041}.Release|Any CPU.Build.0 = Release|Any CPU
		{B6172D23-5600-44A9-AA10-884EF86AB041}.Release|Any CPU.Deploy.0 = Release|Any CPU
		{B6172D23-5600-44A9-AA10-884EF86AB041}.Release|ARM.ActiveCfg = Release|ARM
		{B6172D23-5600-44A9-AA10-884EF86AB041}.Release|ARM.Build.0 = Release|ARM
		{B6172D23-5600-44A9-AA10-884EF86AB041}.Release|ARM.Deploy.0 = Release|ARM
		{B6172D23-5600-44A9-AA10-884EF86AB041}.Release|x86.ActiveCfg = Release|x86
		{B6172D23-5600-44A9-AA10-884EF86AB041}.Release|x86.Build.0 = Release|x86
		{B6172D23-5600-44A9-AA10-884EF86AB041}.Release|x86.Deploy.0 = Release|x86
	EndGlobalSection
	GlobalSection(SolutionProperties) = preSolution
		HideSolutionNode = FALSE
	EndGlobalSection
	GlobalSection(NestedProjects) = preSolution
		{9DDDD410-E852-4A32-BFF2-352669BF41B6} = {C46B80DC-B524-4897-9503-09DF7103BE1E}
		{435345F9-4D2E-4070-852D-2F21F494AC4C} = {C46B80DC-B524-4897-9503-09DF7103BE1E}
		{7258D155-2E01-4BFC-BBEB-CF9D4C203A1A} = {C46B80DC-B524-4897-9503-09DF7103BE1E}
		{479F0FAB-59D5-4AA4-A2FB-3FC3172695F4} = {C46B80DC-B524-4897-9503-09DF7103BE1E}
		{FEA41716-3D6D-446D-8AEA-9A7A7D08BE74} = {C46B80DC-B524-4897-9503-09DF7103BE1E}
		{545FAF7D-CBBE-4AE7-A20F-09D0B03D90CB} = {C46B80DC-B524-4897-9503-09DF7103BE1E}
		{AB952830-F9E6-4BAE-8DDD-A53C53C4F5D7} = {C46B80DC-B524-4897-9503-09DF7103BE1E}
		{F46F56B0-2F24-489F-92C9-59A2E430E793} = {7F8ABDB2-5FAC-492A-86D3-72219EEC05B2}
		{22360442-97A2-487A-895A-17D38A5B2CD8} = {7F8ABDB2-5FAC-492A-86D3-72219EEC05B2}
		{A896A0E2-E44F-4E2B-91A7-4B2F38F15867} = {7F8ABDB2-5FAC-492A-86D3-72219EEC05B2}
		{5FC22974-4531-42BE-9721-F3DE3C0C0D97} = {7F8ABDB2-5FAC-492A-86D3-72219EEC05B2}
		{E892294A-0668-41BE-9AD3-B3080AEDB670} = {5FC22974-4531-42BE-9721-F3DE3C0C0D97}
		{B6172D23-5600-44A9-AA10-884EF86AB041} = {C46B80DC-B524-4897-9503-09DF7103BE1E}
	EndGlobalSection
	GlobalSection(MonoDevelopProperties) = preSolution
		StartupItem = Android\KursnaLista.Mobile.Android.csproj
	EndGlobalSection
EndGlobal
